
Microsoft Visual Studio Solution File, Format Version 12.00
# Visual Studio Version 17
VisualStudioVersion = 17.5.33502.453
MinimumVisualStudioVersion = 10.0.40219.1
Project("{FAE04EC0-301F-11D3-BF4B-00C04F79EFBC}") = "TimesTable", "TimesTable\TimesTable.csproj", "{9026B893-E414-4453-B484-66E3BCE87F8E}"
EndProject
Global
	GlobalSection(SolutionConfigurationPlatforms) = preSolution
		Debug|Any CPU = Debug|Any CPU
		Release|Any CPU = Release|Any CPU
	EndGlobalSection
	GlobalSection(ProjectConfigurationPlatforms) = postSolution
		{9026B893-E414-4453-B484-66E3BCE87F8E}.Debug|Any CPU.ActiveCfg = Debug|Any CPU
		{9026B893-E414-4453-B484-66E3BCE87F8E}.Debug|Any CPU.Build.0 = Debug|Any CPU
		{9026B893-E414-4453-B484-66E3BCE87F8E}.Release|Any CPU.ActiveCfg = Release|Any CPU
		{9026B893-E414-4453-B484-66E3BCE87F8E}.Release|Any CPU.Build.0 = Release|Any CPU
	EndGlobalSection
	GlobalSection(SolutionProperties) = preSolution
		HideSolutionNode = FALSE
	EndGlobalSection
	GlobalSection(ExtensibilityGlobals) = postSolution
		SolutionGuid = {9297D1F7-5981-4FA7-9C33-F9136373C301}
	EndGlobalSection
EndGlobal
